<?xml version="1.0" encoding="utf-8"?>
<Project ToolsVersion="4.0" xmlns="http://schemas.microsoft.com/developer/msbuild/2003">
  <ItemGroup>
    <Filter Include="Source Files">
      <UniqueIdentifier>{4FC737F1-C7A5-4376-A066-2A32D752A2FF}</UniqueIdentifier>
      <Extensions>cpp;c;cc;cxx;c++;cppm;ixx;def;odl;idl;hpj;bat;asm;asmx</Extensions>
    </Filter>
    <Filter Include="Header Files">
      <UniqueIdentifier>{93995380-89BD-4b04-88EB-625FBE52EBFB}</UniqueIdentifier>
      <Extensions>h;hh;hpp;hxx;h++;hm;inl;inc;ipp;xsd</Extensions>
    </Filter>
    <Filter Include="Resource Files">
      <UniqueIdentifier>{67DA6AB6-F800-4c08-8B7A-83BB121AAD01}</UniqueIdentifier>
      <Extensions>rc;ico;cur;bmp;dlg;rc2;rct;bin;rgs;gif;jpg;jpeg;jpe;resx;tiff;tif;png;wav;mfcribbon-ms</Extensions>
    </Filter>
    <Filter Include="Source Files\character type .cpp%27s">
      <UniqueIdentifier>{f91262a0-1b95-4c03-a31a-841ecd03f831}</UniqueIdentifier>
    </Filter>
    <Filter Include="Header Files\Character type .h%27s">
      <UniqueIdentifier>{dbcb1c97-c4ff-45ed-a38c-4790314cef7f}</UniqueIdentifier>
    </Filter>
  </ItemGroup>
  <ItemGroup>
    <ClCompile Include="Main.cpp">
      <Filter>Source Files</Filter>
    </ClCompile>
    <ClCompile Include="rendering.cpp">
      <Filter>Source Files</Filter>
    </ClCompile>
    <ClCompile Include="Character.cpp">
      <Filter>Source Files</Filter>
    </ClCompile>
    <ClCompile Include="Enemy.cpp">
      <Filter>Source Files</Filter>
    </ClCompile>
    <ClCompile Include="Party.cpp">
      <Filter>Source Files</Filter>
    </ClCompile>
    <ClCompile Include="Highwayman.cpp">
      <Filter>Source Files\character type .cpp%27s</Filter>
    </ClCompile>
    <ClCompile Include="Crusader.cpp">
      <Filter>Source Files\character type .cpp%27s</Filter>
    </ClCompile>
    <ClCompile Include="PlagueDoctor.cpp">
      <Filter>Source Files\character type .cpp%27s</Filter>
    </ClCompile>
    <ClCompile Include="Vestal.cpp">
      <Filter>Source Files\character type .cpp%27s</Filter>
    </ClCompile>
    <ClCompile Include="Battle.cpp">
      <Filter>Source Files</Filter>
    </ClCompile>
  </ItemGroup>
  <ItemGroup>
    <ClInclude Include="rendering.h">
      <Filter>Header Files</Filter>
    </ClInclude>
    <ClInclude Include="Character.h">
      <Filter>Header Files</Filter>
    </ClInclude>
    <ClInclude Include="Enemy.h">
      <Filter>Header Files</Filter>
    </ClInclude>
    <ClInclude Include="Party.h">
      <Filter>Header Files</Filter>
    </ClInclude>
    <ClInclude Include="Vestal.h">
      <Filter>Header Files\Character type .h%27s</Filter>
    </ClInclude>
    <ClInclude Include="PlagueDoctor.h">
      <Filter>Header Files\Character type .h%27s</Filter>
    </ClInclude>
    <ClInclude Include="Highwayman.h">
      <Filter>Header Files\Character type .h%27s</Filter>
    </ClInclude>
    <ClInclude Include="Crusader.h">
      <Filter>Header Files\Character type .h%27s</Filter>
    </ClInclude>
    <ClInclude Include="Battle.h">
      <Filter>Header Files</Filter>
    </ClInclude>
  </ItemGroup>
</Project>